{
  "name": "n-lang",
  "version": "1.0.0",
  "lockfileVersion": 1,
  "requires": true,
  "dependencies": {
    "@tsconfig/recommended": {
      "version": "1.0.1",
      "resolved": "https://registry.npmjs.org/@tsconfig/recommended/-/recommended-1.0.1.tgz",
      "integrity": "sha512-2xN+iGTbPBEzGSnVp/Hd64vKJCJWxsi9gfs88x4PPMyEjHJoA3o5BY9r5OLPHIZU2pAQxkSAsJFqn6itClP8mQ==",
      "dev": true
    },
    "@types/minimist": {
      "version": "1.2.1",
      "resolved": "https://registry.npmjs.org/@types/minimist/-/minimist-1.2.1.tgz",
      "integrity": "sha512-fZQQafSREFyuZcdWFAExYjBiCL7AUCdgsk80iO0q4yihYYdcIiH28CcuPTGFgLOCC8RlW49GSQxdHwZP+I7CNg==",
      "dev": true
    },
    "@types/moo": {
      "version": "0.5.3",
      "resolved": "https://registry.npmjs.org/@types/moo/-/moo-0.5.3.tgz",
      "integrity": "sha512-PJJ/jvb5Gor8DWvXN3e75njfQyYNRz0PaFSZ3br9GfHM9N2FxvuJ/E/ytcQePJOLzHlvgFSsIJIvfUMUxWTbnA==",
      "dev": true
    },
    "@types/nearley": {
      "version": "2.11.1",
      "resolved": "https://registry.npmjs.org/@types/nearley/-/nearley-2.11.1.tgz",
      "integrity": "sha512-oaAg5gn74VFpPYs6Ou2pjDao3WJxnlnH29q9rLOxSGb0PTw2QtBQcTAN9xs1OAHrtI9En5kIXKM96stf7//c9w==",
      "dev": true
    },
    "colors": {
      "version": "1.4.0",
      "resolved": "https://registry.npmjs.org/colors/-/colors-1.4.0.tgz",
      "integrity": "sha512-a+UqTh4kgZg/SlGvfbzDHpgRu7AAQOmmqRHJnxhRZICKFUT91brVhNNt58CMWU9PsBbv3PDCZUHbVxuDiH2mtA=="
    },
    "commander": {
      "version": "2.20.3",
      "resolved": "https://registry.npmjs.org/commander/-/commander-2.20.3.tgz",
      "integrity": "sha512-GpVkmM8vF2vQUkj2LvZmD35JxeJOLCwJ9cUkugyk2nuhbv3+mJvpLYYt+0+USMxE+oj+ey/lJEnhZw75x/OMcQ=="
    },
    "discontinuous-range": {
      "version": "1.0.0",
      "resolved": "https://registry.npmjs.org/discontinuous-range/-/discontinuous-range-1.0.0.tgz",
      "integrity": "sha1-44Mx8IRLukm5qctxx3FYWqsbxlo="
    },
    "minimist": {
      "version": "1.2.5",
      "resolved": "https://registry.npmjs.org/minimist/-/minimist-1.2.5.tgz",
      "integrity": "sha512-FM9nNUYrRBAELZQT3xeZQ7fmMOBg6nWNmJKTcgsJeaLstP/UODVpGsr5OhXhhXg6f+qtJ8uiZ+PUxkDWcgIXLw==",
      "dev": true
    },
    "moo": {
      "version": "0.5.1",
      "resolved": "https://registry.npmjs.org/moo/-/moo-0.5.1.tgz",
      "integrity": "sha512-I1mnb5xn4fO80BH9BLcF0yLypy2UKl+Cb01Fu0hJRkJjlCRtxZMWkTdAtDd5ZqCOxtCkhmRwyI57vWT+1iZ67w=="
    },
    "nearley": {
      "version": "2.20.1",
      "resolved": "https://registry.npmjs.org/nearley/-/nearley-2.20.1.tgz",
      "integrity": "sha512-+Mc8UaAebFzgV+KpI5n7DasuuQCHA89dmwm7JXw3TV43ukfNQ9DnBH3Mdb2g/I4Fdxc26pwimBWvjIw0UAILSQ==",
      "requires": {
        "commander": "^2.19.0",
        "moo": "^0.5.0",
        "railroad-diagrams": "^1.0.0",
        "randexp": "0.4.6"
      }
    },
    "railroad-diagrams": {
      "version": "1.0.0",
      "resolved": "https://registry.npmjs.org/railroad-diagrams/-/railroad-diagrams-1.0.0.tgz",
      "integrity": "sha1-635iZ1SN3t+4mcG5Dlc3RVnN234="
    },
    "randexp": {
      "version": "0.4.6",
      "resolved": "https://registry.npmjs.org/randexp/-/randexp-0.4.6.tgz",
      "integrity": "sha512-80WNmd9DA0tmZrw9qQa62GPPWfuXJknrmVmLcxvq4uZBdYqb1wYoKTmnlGUchvVWe0XiLupYkBoXVOxz3C8DYQ==",
      "requires": {
        "discontinuous-range": "1.0.0",
        "ret": "~0.1.10"
      }
    },
    "ret": {
      "version": "0.1.15",
      "resolved": "https://registry.npmjs.org/ret/-/ret-0.1.15.tgz",
      "integrity": "sha512-TTlYpa+OL+vMMNG24xSlQGEJ3B/RzEfUlLct7b5G/ytav+wPrplCpVMFuwzXbkecJrb6IYo1iFb0S9v37754mg=="
    }
  }
}
