{
  "name": "n-lang-editor",
  "version": "1.0.0",
  "lockfileVersion": 1,
  "requires": true,
  "dependencies": {
    "@rollup/plugin-typescript": {
      "version": "8.1.0",
      "resolved": "https://registry.npmjs.org/@rollup/plugin-typescript/-/plugin-typescript-8.1.0.tgz",
      "integrity": "sha512-pyQlcGQYRsONUDwXK3ckGPHjPzmjlq4sinzr7emW8ZMb2oZjg9WLcdcP8wyHSvBjvHrLzMayyPy079RROqb4vw==",
      "dev": true,
      "requires": {
        "@rollup/pluginutils": "^3.1.0",
        "resolve": "^1.17.0"
      }
    },
    "@rollup/pluginutils": {
      "version": "3.1.0",
      "resolved": "https://registry.npmjs.org/@rollup/pluginutils/-/pluginutils-3.1.0.tgz",
      "integrity": "sha512-GksZ6pr6TpIjHm8h9lSQ8pi8BE9VeubNT0OMJ3B5uZJ8pz73NPiqOtCog/x2/QzM1ENChPKxMDhiQuRHsqc+lg==",
      "dev": true,
      "requires": {
        "@types/estree": "0.0.39",
        "estree-walker": "^1.0.1",
        "picomatch": "^2.2.2"
      }
    },
    "@tsconfig/recommended": {
      "version": "1.0.1",
      "resolved": "https://registry.npmjs.org/@tsconfig/recommended/-/recommended-1.0.1.tgz",
      "integrity": "sha512-2xN+iGTbPBEzGSnVp/Hd64vKJCJWxsi9gfs88x4PPMyEjHJoA3o5BY9r5OLPHIZU2pAQxkSAsJFqn6itClP8mQ==",
      "dev": true
    },
    "@types/estree": {
      "version": "0.0.39",
      "resolved": "https://registry.npmjs.org/@types/estree/-/estree-0.0.39.tgz",
      "integrity": "sha512-EYNwp3bU+98cpU4lAWYYL7Zz+2gryWH1qbdDTidVd6hkiR6weksdbMadyXKXNPEkQFhXM+hVO9ZygomHXp+AIw==",
      "dev": true
    },
    "estree-walker": {
      "version": "1.0.1",
      "resolved": "https://registry.npmjs.org/estree-walker/-/estree-walker-1.0.1.tgz",
      "integrity": "sha512-1fMXF3YP4pZZVozF8j/ZLfvnR8NSIljt56UhbZ5PeeDmmGHpgpdwQt7ITlGvYaQukCvuBRMLEiKiYC+oeIg4cg==",
      "dev": true
    },
    "function-bind": {
      "version": "1.1.1",
      "resolved": "https://registry.npmjs.org/function-bind/-/function-bind-1.1.1.tgz",
      "integrity": "sha512-yIovAzMX49sF8Yl58fSCWJ5svSLuaibPxXQJFLmBObTuCr0Mf1KiPopGM9NiFjiYBCbfaa2Fh6breQ6ANVTI0A==",
      "dev": true
    },
    "has": {
      "version": "1.0.3",
      "resolved": "https://registry.npmjs.org/has/-/has-1.0.3.tgz",
      "integrity": "sha512-f2dvO0VU6Oej7RkWJGrehjbzMAjFp5/VKPp5tTpWIV4JHHZK1/BxbFRtf/siA2SWTe09caDmVtYYzWEIbBS4zw==",
      "dev": true,
      "requires": {
        "function-bind": "^1.1.1"
      }
    },
    "is-core-module": {
      "version": "2.2.0",
      "resolved": "https://registry.npmjs.org/is-core-module/-/is-core-module-2.2.0.tgz",
      "integrity": "sha512-XRAfAdyyY5F5cOXn7hYQDqh2Xmii+DEfIcQGxK/uNwMHhIkPWO0g8msXcbzLe+MpGoR951MlqM/2iIlU4vKDdQ==",
      "dev": true,
      "requires": {
        "has": "^1.0.3"
      }
    },
    "monaco-editor": {
      "version": "0.21.2",
      "resolved": "https://registry.npmjs.org/monaco-editor/-/monaco-editor-0.21.2.tgz",
      "integrity": "sha512-jS51RLuzMaoJpYbu7F6TPuWpnWTLD4kjRW0+AZzcryvbxrTwhNy1KC9yboyKpgMTahpUbDUsuQULoo0GV1EPqg=="
    },
    "n-lang": {
      "version": "file:../js",
      "requires": {
        "nearley": "^2.20.1"
      },
      "dependencies": {
        "@tsconfig/recommended": {
          "version": "1.0.1",
          "resolved": "https://registry.npmjs.org/@tsconfig/recommended/-/recommended-1.0.1.tgz",
          "integrity": "sha512-2xN+iGTbPBEzGSnVp/Hd64vKJCJWxsi9gfs88x4PPMyEjHJoA3o5BY9r5OLPHIZU2pAQxkSAsJFqn6itClP8mQ=="
        },
        "@types/minimist": {
          "version": "1.2.1",
          "resolved": "https://registry.npmjs.org/@types/minimist/-/minimist-1.2.1.tgz",
          "integrity": "sha512-fZQQafSREFyuZcdWFAExYjBiCL7AUCdgsk80iO0q4yihYYdcIiH28CcuPTGFgLOCC8RlW49GSQxdHwZP+I7CNg=="
        },
        "@types/moo": {
          "version": "0.5.3",
          "resolved": "https://registry.npmjs.org/@types/moo/-/moo-0.5.3.tgz",
          "integrity": "sha512-PJJ/jvb5Gor8DWvXN3e75njfQyYNRz0PaFSZ3br9GfHM9N2FxvuJ/E/ytcQePJOLzHlvgFSsIJIvfUMUxWTbnA=="
        },
        "@types/nearley": {
          "version": "2.11.1",
          "resolved": "https://registry.npmjs.org/@types/nearley/-/nearley-2.11.1.tgz",
          "integrity": "sha512-oaAg5gn74VFpPYs6Ou2pjDao3WJxnlnH29q9rLOxSGb0PTw2QtBQcTAN9xs1OAHrtI9En5kIXKM96stf7//c9w=="
        },
        "commander": {
          "version": "2.20.3",
          "resolved": "https://registry.npmjs.org/commander/-/commander-2.20.3.tgz",
          "integrity": "sha512-GpVkmM8vF2vQUkj2LvZmD35JxeJOLCwJ9cUkugyk2nuhbv3+mJvpLYYt+0+USMxE+oj+ey/lJEnhZw75x/OMcQ=="
        },
        "discontinuous-range": {
          "version": "1.0.0",
          "resolved": "https://registry.npmjs.org/discontinuous-range/-/discontinuous-range-1.0.0.tgz",
          "integrity": "sha1-44Mx8IRLukm5qctxx3FYWqsbxlo="
        },
        "minimist": {
          "version": "1.2.5",
          "resolved": "https://registry.npmjs.org/minimist/-/minimist-1.2.5.tgz",
          "integrity": "sha512-FM9nNUYrRBAELZQT3xeZQ7fmMOBg6nWNmJKTcgsJeaLstP/UODVpGsr5OhXhhXg6f+qtJ8uiZ+PUxkDWcgIXLw=="
        },
        "moo": {
          "version": "0.5.1",
          "resolved": "https://registry.npmjs.org/moo/-/moo-0.5.1.tgz",
          "integrity": "sha512-I1mnb5xn4fO80BH9BLcF0yLypy2UKl+Cb01Fu0hJRkJjlCRtxZMWkTdAtDd5ZqCOxtCkhmRwyI57vWT+1iZ67w=="
        },
        "nearley": {
          "version": "2.20.1",
          "resolved": "https://registry.npmjs.org/nearley/-/nearley-2.20.1.tgz",
          "integrity": "sha512-+Mc8UaAebFzgV+KpI5n7DasuuQCHA89dmwm7JXw3TV43ukfNQ9DnBH3Mdb2g/I4Fdxc26pwimBWvjIw0UAILSQ==",
          "requires": {
            "commander": "^2.19.0",
            "moo": "^0.5.0",
            "railroad-diagrams": "^1.0.0",
            "randexp": "0.4.6"
          }
        },
        "railroad-diagrams": {
          "version": "1.0.0",
          "resolved": "https://registry.npmjs.org/railroad-diagrams/-/railroad-diagrams-1.0.0.tgz",
          "integrity": "sha1-635iZ1SN3t+4mcG5Dlc3RVnN234="
        },
        "randexp": {
          "version": "0.4.6",
          "resolved": "https://registry.npmjs.org/randexp/-/randexp-0.4.6.tgz",
          "integrity": "sha512-80WNmd9DA0tmZrw9qQa62GPPWfuXJknrmVmLcxvq4uZBdYqb1wYoKTmnlGUchvVWe0XiLupYkBoXVOxz3C8DYQ==",
          "requires": {
            "discontinuous-range": "1.0.0",
            "ret": "~0.1.10"
          }
        },
        "ret": {
          "version": "0.1.15",
          "resolved": "https://registry.npmjs.org/ret/-/ret-0.1.15.tgz",
          "integrity": "sha512-TTlYpa+OL+vMMNG24xSlQGEJ3B/RzEfUlLct7b5G/ytav+wPrplCpVMFuwzXbkecJrb6IYo1iFb0S9v37754mg=="
        }
      }
    },
    "path-parse": {
      "version": "1.0.6",
      "resolved": "https://registry.npmjs.org/path-parse/-/path-parse-1.0.6.tgz",
      "integrity": "sha512-GSmOT2EbHrINBf9SR7CDELwlJ8AENk3Qn7OikK4nFYAu3Ote2+JYNVvkpAEQm3/TLNEJFD/xZJjzyxg3KBWOzw==",
      "dev": true
    },
    "picomatch": {
      "version": "2.2.2",
      "resolved": "https://registry.npmjs.org/picomatch/-/picomatch-2.2.2.tgz",
      "integrity": "sha512-q0M/9eZHzmr0AulXyPwNfZjtwZ/RBZlbN3K3CErVrk50T2ASYI7Bye0EvekFY3IP1Nt2DHu0re+V2ZHIpMkuWg==",
      "dev": true
    },
    "resolve": {
      "version": "1.19.0",
      "resolved": "https://registry.npmjs.org/resolve/-/resolve-1.19.0.tgz",
      "integrity": "sha512-rArEXAgsBG4UgRGcynxWIWKFvh/XZCcS8UJdHhwy91zwAvCZIbcs+vAbflgBnNjYMs/i/i+/Ux6IZhML1yPvxg==",
      "dev": true,
      "requires": {
        "is-core-module": "^2.1.0",
        "path-parse": "^1.0.6"
      }
    }
  }
}
